
Microsoft Visual Studio Solution File, Format Version 12.00
# Visual Studio Version 17
VisualStudioVersion = 17.10.34928.147
MinimumVisualStudioVersion = 10.0.40219.1
Project("{9A19103F-16F7-4668-BE54-9A1E7A4F7556}") = "EasyLanguage.Demo", "EasyLanguage.Demo\EasyLanguage.Demo.csproj", "{E334305C-7DBA-4AFC-B883-DA58591B23ED}"
EndProject
Project("{9A19103F-16F7-4668-BE54-9A1E7A4F7556}") = "EasyLanguage", "EasyLanguage\EasyLanguage.csproj", "{BF86C68B-9764-40B5-8758-EC14EA26DE93}"
EndProject
Project("{9A19103F-16F7-4668-BE54-9A1E7A4F7556}") = "EasyLanguage.XUnit", "EasyLanguage.XUnit\EasyLanguage.XUnit.csproj", "{5BB13D47-6BBA-4078-8558-170B5514F7F2}"
EndProject
Project("{9A19103F-16F7-4668-BE54-9A1E7A4F7556}") = "EasyLanguage.Test", "EasyLanguage.Test\EasyLanguage.Test.csproj", "{AD779EAA-C082-4646-8B5C-0653DFD69ABC}"
EndProject
Project("{9A19103F-16F7-4668-BE54-9A1E7A4F7556}") = "Globals.Ext", "..\cs-globals\Globals.Ext\Globals.Ext.csproj", "{241D5612-92D7-4461-9DF9-C526DB85238F}"
EndProject
Project("{9A19103F-16F7-4668-BE54-9A1E7A4F7556}") = "Globals", "..\cs-globals\Globals\Globals.csproj", "{6952841D-FB46-49C5-BFC3-FA2901A99C18}"
EndProject
Global
	GlobalSection(SolutionConfigurationPlatforms) = preSolution
		Debug|Any CPU = Debug|Any CPU
		Release|Any CPU = Release|Any CPU
	EndGlobalSection
	GlobalSection(ProjectConfigurationPlatforms) = postSolution
		{E334305C-7DBA-4AFC-B883-DA58591B23ED}.Debug|Any CPU.ActiveCfg = Debug|Any CPU
		{E334305C-7DBA-4AFC-B883-DA58591B23ED}.Debug|Any CPU.Build.0 = Debug|Any CPU
		{E334305C-7DBA-4AFC-B883-DA58591B23ED}.Release|Any CPU.ActiveCfg = Release|Any CPU
		{E334305C-7DBA-4AFC-B883-DA58591B23ED}.Release|Any CPU.Build.0 = Release|Any CPU
		{BF86C68B-9764-40B5-8758-EC14EA26DE93}.Debug|Any CPU.ActiveCfg = Debug|Any CPU
		{BF86C68B-9764-40B5-8758-EC14EA26DE93}.Debug|Any CPU.Build.0 = Debug|Any CPU
		{BF86C68B-9764-40B5-8758-EC14EA26DE93}.Release|Any CPU.ActiveCfg = Release|Any CPU
		{BF86C68B-9764-40B5-8758-EC14EA26DE93}.Release|Any CPU.Build.0 = Release|Any CPU
		{5BB13D47-6BBA-4078-8558-170B5514F7F2}.Debug|Any CPU.ActiveCfg = Debug|Any CPU
		{5BB13D47-6BBA-4078-8558-170B5514F7F2}.Debug|Any CPU.Build.0 = Debug|Any CPU
		{5BB13D47-6BBA-4078-8558-170B5514F7F2}.Release|Any CPU.ActiveCfg = Release|Any CPU
		{5BB13D47-6BBA-4078-8558-170B5514F7F2}.Release|Any CPU.Build.0 = Release|Any CPU
		{AD779EAA-C082-4646-8B5C-0653DFD69ABC}.Debug|Any CPU.ActiveCfg = Debug|Any CPU
		{AD779EAA-C082-4646-8B5C-0653DFD69ABC}.Debug|Any CPU.Build.0 = Debug|Any CPU
		{AD779EAA-C082-4646-8B5C-0653DFD69ABC}.Release|Any CPU.ActiveCfg = Release|Any CPU
		{AD779EAA-C082-4646-8B5C-0653DFD69ABC}.Release|Any CPU.Build.0 = Release|Any CPU
		{241D5612-92D7-4461-9DF9-C526DB85238F}.Debug|Any CPU.ActiveCfg = Debug|Any CPU
		{241D5612-92D7-4461-9DF9-C526DB85238F}.Debug|Any CPU.Build.0 = Debug|Any CPU
		{241D5612-92D7-4461-9DF9-C526DB85238F}.Release|Any CPU.ActiveCfg = Release|Any CPU
		{241D5612-92D7-4461-9DF9-C526DB85238F}.Release|Any CPU.Build.0 = Release|Any CPU
		{6952841D-FB46-49C5-BFC3-FA2901A99C18}.Debug|Any CPU.ActiveCfg = Debug|Any CPU
		{6952841D-FB46-49C5-BFC3-FA2901A99C18}.Debug|Any CPU.Build.0 = Debug|Any CPU
		{6952841D-FB46-49C5-BFC3-FA2901A99C18}.Release|Any CPU.ActiveCfg = Release|Any CPU
		{6952841D-FB46-49C5-BFC3-FA2901A99C18}.Release|Any CPU.Build.0 = Release|Any CPU
	EndGlobalSection
	GlobalSection(SolutionProperties) = preSolution
		HideSolutionNode = FALSE
	EndGlobalSection
	GlobalSection(ExtensibilityGlobals) = postSolution
		SolutionGuid = {34F14F68-CC84-40C6-8240-4D44C724FFBD}
	EndGlobalSection
EndGlobal
